# This file is autogenerated, do not edit; changes may be undone by the next 'dep ensure'.


[[projects]]
  branch = "master"
  name = "code.cloudfoundry.org/bytefmt"
  packages = ["."]
  revision = "b31f603f5e1e047fdb38584e1a922dcc5c4de5c8"

[[projects]]
  name = "code.cloudfoundry.org/cli"
  packages = ["actor/actionerror","api/cloudcontroller","api/cloudcontroller/ccerror","api/cloudcontroller/ccv2","api/cloudcontroller/ccv2/constant","api/cloudcontroller/ccv2/internal","api/cloudcontroller/ccversion","api/plugin/pluginerror","api/uaa","api/uaa/internal","cf/formatters","cf/i18n","cf/models","command/translatableerror","i18n/resources","types","util","util/clissh/ssherror","util/configv3","util/generic","util/manifest","util/ui","version"]
  revision = "b6f4653192da5551e5a019efd908bc72a39d6ca3"
  version = "v6.34.0"

[[projects]]
  name = "code.cloudfoundry.org/lager"
  packages = ["."]
  revision = "62951a8009ab331bb21dc418074fa54e66eb9b6a"

[[projects]]
  name = "github.com/SermoDigital/jose"
  packages = [".","crypto","jws","jwt"]
  revision = "f6df55f235c24f236d11dbcf665249a59ac2021f"
  version = "1.1"

[[projects]]
  name = "github.com/blang/semver"
  packages = ["."]
  revision = "2ee87856327ba09384cabd113bc6b5d174e9ec0f"
  version = "v3.5.1"

[[projects]]
  branch = "master"
  name = "github.com/bmizerany/pat"
  packages = ["."]
  revision = "6226ea591a40176dd3ff9cd8eff81ed6ca721a00"

[[projects]]
  name = "github.com/cloudfoundry/cli"
  packages = ["cf/api/resources"]
  revision = "bbdf81482f6cfa6281b1937f23cea3162b976351"
  version = "v6.34.1"

[[projects]]
  branch = "master"
  name = "github.com/fatih/color"
  packages = ["."]
  revision = "5df930a27be2502f99b292b7cc09ebad4d0891f4"

[[projects]]
  name = "github.com/golang/protobuf"
  packages = ["proto"]
  revision = "874264fbbb43f4d91e999fecb4b40143ed611400"

[[projects]]
  name = "github.com/google/go-github"
  packages = ["github"]
  revision = "331e3f619021723128623d4db765a81ba1e1f81e"

[[projects]]
  name = "github.com/google/go-querystring"
  packages = ["query"]
  revision = "9235644dd9e52eeae6fa48efd539fdc351a0af53"

[[projects]]
  name = "github.com/gorilla/context"
  packages = ["."]
  revision = "aed02d124ae4a0e94fea4541c8effd05bf0c8296"

[[projects]]
  name = "github.com/gorilla/mux"
  packages = ["."]
  revision = "0eeaf8392f5b04950925b8a69fe70f110fa7cbfc"
  version = "v1.1"

[[projects]]
  name = "github.com/jinzhu/gorm"
  packages = [".","dialects/postgres"]
  revision = "5174cc5c242a728b435ea2be8a2f7f998e15429b"
  version = "v1.0"

[[projects]]
  name = "github.com/jinzhu/inflection"
  packages = ["."]
  revision = "8f4d3a0d04ce0b7c0cf3126fb98524246d00d102"

[[projects]]
  name = "github.com/kelseyhightower/envconfig"
  packages = ["."]
  revision = "ac12b1f15efba734211a556d8b125110dc538016"
  version = "1.1.0"

[[projects]]
  name = "github.com/lib/pq"
  packages = [".","hstore","oid"]
  revision = "4dd446efc17690bc53e154025146f73203b18309"

[[projects]]
  branch = "master"
  name = "github.com/lunixbochs/vtclean"
  packages = ["."]
  revision = "d14193dfc626125c831501c1c42340b4248e1f5a"

[[projects]]
  name = "github.com/mattn/go-colorable"
  packages = ["."]
  revision = "167de6bfdfba052fa6b2d3664c8f5272e23c9072"
  version = "v0.0.9"

[[projects]]
  name = "github.com/mattn/go-isatty"
  packages = ["."]
  revision = "0360b2af4f38e8d38c7fce2a9f4e702702d73a39"
  version = "v0.0.3"

[[projects]]
  branch = "master"
  name = "github.com/mattn/go-runewidth"
  packages = ["."]
  revision = "97311d9f7767e3d6f422ea06661bc2c7a19e8a5d"

[[projects]]
  name = "github.com/pivotal-cf/brokerapi"
  packages = [".","auth"]
  revision = "4cb85be8e4d5cb863820f5ab5c3a61b0f1afb050"

[[projects]]
  name = "github.com/sirupsen/logrus"
  packages = ["."]
  revision = "d682213848ed68c0a260ca37d6dd5ace8423f5ba"
  version = "v1.0.4"

[[projects]]
  branch = "master"
  name = "github.com/tedsuo/rata"
  packages = ["."]
  revision = "07d200713958d05692ac35aa8b5f1949342fee80"

[[projects]]
  branch = "master"
  name = "github.com/vito/go-interact"
  packages = ["interact","interact/terminal"]
  revision = "fa338ed9e9ecbb0e9c2e6c7a0160d9fc9b0efbd9"

[[projects]]
  branch = "master"
  name = "golang.org/x/crypto"
  packages = ["ssh/terminal"]
  revision = "1875d0a70c90e57f11972aefd42276df65e895b9"

[[projects]]
  name = "golang.org/x/net"
  packages = ["context"]
  revision = "3797cd8864994d713d909eda5e61ede8683fdc12"

[[projects]]
  name = "golang.org/x/oauth2"
  packages = [".","internal"]
  revision = "1364adb2c63445016c5ed4518fc71f6a3cda6169"

[[projects]]
  branch = "master"
  name = "golang.org/x/sys"
  packages = ["unix","windows"]
  revision = "ff2a66f350cefa5c93a634eadb5d25bb60c85a9c"

[[projects]]
  branch = "master"
  name = "golang.org/x/text"
  packages = ["internal/gen","internal/tag","language","unicode/cldr"]
  revision = "e19ae1496984b1c655b8044a65c0300a3c878dd3"

[[projects]]
  name = "google.golang.org/appengine"
  packages = ["internal","internal/base","internal/datastore","internal/log","internal/remote_api","internal/urlfetch","urlfetch"]
  revision = "267c27e7492265b84fc6719503b14a1e17975d79"

[[projects]]
  branch = "v2"
  name = "gopkg.in/yaml.v2"
  packages = ["."]
  revision = "d670f9405373e636a5a2765eea47fac0c9bc91a4"

[solve-meta]
  analyzer-name = "dep"
  analyzer-version = 1
  inputs-digest = "0fd418473223f07ac80f62085fb2e02ba48fe1878a6f697da85fc5f93ff11ed9"
  solver-name = "gps-cdcl"
  solver-version = 1
